
Microsoft Visual Studio Solution File, Format Version 12.00
# Visual Studio Version 17
VisualStudioVersion = 17.9.34723.18
MinimumVisualStudioVersion = 10.0.40219.1
Project("{FAE04EC0-301F-11D3-BF4B-00C04F79EFBC}") = "NorthwndCodeFirstSample", "NorthwndCodeFirstSample\NorthwndCodeFirstSample.csproj", "{DB2BA82C-7748-4CDA-A9D1-9C31712C9FDA}"
EndProject
Global
	GlobalSection(SolutionConfigurationPlatforms) = preSolution
		Debug|Any CPU = Debug|Any CPU
		Release|Any CPU = Release|Any CPU
	EndGlobalSection
	GlobalSection(ProjectConfigurationPlatforms) = postSolution
		{DB2BA82C-7748-4CDA-A9D1-9C31712C9FDA}.Debug|Any CPU.ActiveCfg = Debug|Any CPU
		{DB2BA82C-7748-4CDA-A9D1-9C31712C9FDA}.Debug|Any CPU.Build.0 = Debug|Any CPU
		{DB2BA82C-7748-4CDA-A9D1-9C31712C9FDA}.Release|Any CPU.ActiveCfg = Release|Any CPU
		{DB2BA82C-7748-4CDA-A9D1-9C31712C9FDA}.Release|Any CPU.Build.0 = Release|Any CPU
	EndGlobalSection
	GlobalSection(SolutionProperties) = preSolution
		HideSolutionNode = FALSE
	EndGlobalSection
	GlobalSection(ExtensibilityGlobals) = postSolution
		SolutionGuid = {D99CDD58-C74C-4B9D-B8CD-02E39AE80FEB}
	EndGlobalSection
EndGlobal
